
Microsoft Visual Studio Solution File, Format Version 12.00
# Visual Studio Version 17
VisualStudioVersion = 17.0.32112.339
MinimumVisualStudioVersion = 10.0.40219.1
Project("{9A19103F-16F7-4668-BE54-9A1E7A4F7556}") = "SwissTransport", "src\SwissTransport\SwissTransport.csproj", "{D0262178-A48F-4DE0-807B-E76B63E39421}"
EndProject
Project("{9A19103F-16F7-4668-BE54-9A1E7A4F7556}") = "SwissTransportTest", "tests\SwissTransportTest\SwissTransportTest.csproj", "{959C6E54-5B1C-40F5-938A-C57B17451421}"
EndProject
Project("{9A19103F-16F7-4668-BE54-9A1E7A4F7556}") = "TripPlanner", "src\TripPlanner\TripPlanner.csproj", "{A5D407B8-5D26-4D09-BC59-C743FC03A25A}"
EndProject
Project("{54435603-DBB4-11D2-8724-00A0C9A8B90C}") = "TripPlannerSetup", "TripPlannerSetup\TripPlannerSetup.vdproj", "{1F52633A-5AFD-45A4-9692-82F39238B797}"
EndProject
Global
	GlobalSection(SolutionConfigurationPlatforms) = preSolution
		Debug|Any CPU = Debug|Any CPU
		Release|Any CPU = Release|Any CPU
	EndGlobalSection
	GlobalSection(ProjectConfigurationPlatforms) = postSolution
		{D0262178-A48F-4DE0-807B-E76B63E39421}.Debug|Any CPU.ActiveCfg = Debug|Any CPU
		{D0262178-A48F-4DE0-807B-E76B63E39421}.Debug|Any CPU.Build.0 = Debug|Any CPU
		{D0262178-A48F-4DE0-807B-E76B63E39421}.Release|Any CPU.ActiveCfg = Release|Any CPU
		{D0262178-A48F-4DE0-807B-E76B63E39421}.Release|Any CPU.Build.0 = Release|Any CPU
		{959C6E54-5B1C-40F5-938A-C57B17451421}.Debug|Any CPU.ActiveCfg = Debug|Any CPU
		{959C6E54-5B1C-40F5-938A-C57B17451421}.Debug|Any CPU.Build.0 = Debug|Any CPU
		{959C6E54-5B1C-40F5-938A-C57B17451421}.Release|Any CPU.ActiveCfg = Release|Any CPU
		{959C6E54-5B1C-40F5-938A-C57B17451421}.Release|Any CPU.Build.0 = Release|Any CPU
		{A5D407B8-5D26-4D09-BC59-C743FC03A25A}.Debug|Any CPU.ActiveCfg = Debug|Any CPU
		{A5D407B8-5D26-4D09-BC59-C743FC03A25A}.Debug|Any CPU.Build.0 = Debug|Any CPU
		{A5D407B8-5D26-4D09-BC59-C743FC03A25A}.Release|Any CPU.ActiveCfg = Release|Any CPU
		{A5D407B8-5D26-4D09-BC59-C743FC03A25A}.Release|Any CPU.Build.0 = Release|Any CPU
		{1F52633A-5AFD-45A4-9692-82F39238B797}.Debug|Any CPU.ActiveCfg = Debug
		{1F52633A-5AFD-45A4-9692-82F39238B797}.Release|Any CPU.ActiveCfg = Release
	EndGlobalSection
	GlobalSection(SolutionProperties) = preSolution
		HideSolutionNode = FALSE
	EndGlobalSection
	GlobalSection(ExtensibilityGlobals) = postSolution
		SolutionGuid = {D61C7FB2-4837-45F2-A84B-550A4B3D2508}
	EndGlobalSection
EndGlobal
